
Microsoft Visual Studio Solution File, Format Version 12.00
# Visual Studio Version 17
VisualStudioVersion = 17.5.33414.496
MinimumVisualStudioVersion = 10.0.40219.1
Project("{9A19103F-16F7-4668-BE54-9A1E7A4F7556}") = "OrderAPI", "src\API\OrderAPI.csproj", "{FC6AF3D0-8927-490B-84CE-5B415F264423}"
EndProject
Project("{2150E333-8FDC-42A3-9474-1A3956D46DE8}") = "Shared", "Shared", "{5BA476D2-2351-4330-9389-25B9684E1D17}"
EndProject
Project("{2150E333-8FDC-42A3-9474-1A3956D46DE8}") = "Modules", "Modules", "{6BC2F3AD-2ACD-45C7-B698-C6408C67C00F}"
EndProject
Project("{2150E333-8FDC-42A3-9474-1A3956D46DE8}") = "Customers", "Customers", "{CC3272BA-D30A-4CD2-B5F4-E4DF93C5BE85}"
EndProject
Project("{FAE04EC0-301F-11D3-BF4B-00C04F79EFBC}") = "Customers.API", "src\Modules\Customers\Customers.API\Customers.API.csproj", "{CB24E8A5-AE13-4D06-96FB-91C0EA087379}"
EndProject
Project("{FAE04EC0-301F-11D3-BF4B-00C04F79EFBC}") = "Customers.Core", "src\Modules\Customers\Customers.Core\Customers.Core.csproj", "{DFFBD1AC-C5D8-48AC-AF34-23E3FD79C40F}"
EndProject
Project("{FAE04EC0-301F-11D3-BF4B-00C04F79EFBC}") = "Customers.Infrastructure", "src\Modules\Customers\Customers.Infrastructure\Customers.Infrastructure.csproj", "{E13982E4-8FE2-44C0-ABF7-E2CB66B41203}"
EndProject
Project("{FAE04EC0-301F-11D3-BF4B-00C04F79EFBC}") = "Shared.Abstractions", "src\Shared\Shared.Abstractions\Shared.Abstractions.csproj", "{E2F86ABF-F9A6-490F-A10E-E92D1A9CA834}"
EndProject
Project("{FAE04EC0-301F-11D3-BF4B-00C04F79EFBC}") = "Shared.Infrastructure", "src\Shared\Shared.Infrastructure\Shared.Infrastructure.csproj", "{021CC7AF-65B8-4217-98E3-21101F75018D}"
EndProject
Project("{FAE04EC0-301F-11D3-BF4B-00C04F79EFBC}") = "Shared.Core", "src\Shared\Shared.Core\Shared.Core.csproj", "{9BB75A46-CE59-4EF9-81C9-FF070E640A8C}"
EndProject
Global
	GlobalSection(SolutionConfigurationPlatforms) = preSolution
		Debug|Any CPU = Debug|Any CPU
		Release|Any CPU = Release|Any CPU
	EndGlobalSection
	GlobalSection(ProjectConfigurationPlatforms) = postSolution
		{FC6AF3D0-8927-490B-84CE-5B415F264423}.Debug|Any CPU.ActiveCfg = Debug|Any CPU
		{FC6AF3D0-8927-490B-84CE-5B415F264423}.Debug|Any CPU.Build.0 = Debug|Any CPU
		{FC6AF3D0-8927-490B-84CE-5B415F264423}.Release|Any CPU.ActiveCfg = Release|Any CPU
		{FC6AF3D0-8927-490B-84CE-5B415F264423}.Release|Any CPU.Build.0 = Release|Any CPU
		{CB24E8A5-AE13-4D06-96FB-91C0EA087379}.Debug|Any CPU.ActiveCfg = Debug|Any CPU
		{CB24E8A5-AE13-4D06-96FB-91C0EA087379}.Debug|Any CPU.Build.0 = Debug|Any CPU
		{CB24E8A5-AE13-4D06-96FB-91C0EA087379}.Release|Any CPU.ActiveCfg = Release|Any CPU
		{CB24E8A5-AE13-4D06-96FB-91C0EA087379}.Release|Any CPU.Build.0 = Release|Any CPU
		{DFFBD1AC-C5D8-48AC-AF34-23E3FD79C40F}.Debug|Any CPU.ActiveCfg = Debug|Any CPU
		{DFFBD1AC-C5D8-48AC-AF34-23E3FD79C40F}.Debug|Any CPU.Build.0 = Debug|Any CPU
		{DFFBD1AC-C5D8-48AC-AF34-23E3FD79C40F}.Release|Any CPU.ActiveCfg = Release|Any CPU
		{DFFBD1AC-C5D8-48AC-AF34-23E3FD79C40F}.Release|Any CPU.Build.0 = Release|Any CPU
		{E13982E4-8FE2-44C0-ABF7-E2CB66B41203}.Debug|Any CPU.ActiveCfg = Debug|Any CPU
		{E13982E4-8FE2-44C0-ABF7-E2CB66B41203}.Debug|Any CPU.Build.0 = Debug|Any CPU
		{E13982E4-8FE2-44C0-ABF7-E2CB66B41203}.Release|Any CPU.ActiveCfg = Release|Any CPU
		{E13982E4-8FE2-44C0-ABF7-E2CB66B41203}.Release|Any CPU.Build.0 = Release|Any CPU
		{E2F86ABF-F9A6-490F-A10E-E92D1A9CA834}.Debug|Any CPU.ActiveCfg = Debug|Any CPU
		{E2F86ABF-F9A6-490F-A10E-E92D1A9CA834}.Debug|Any CPU.Build.0 = Debug|Any CPU
		{E2F86ABF-F9A6-490F-A10E-E92D1A9CA834}.Release|Any CPU.ActiveCfg = Release|Any CPU
		{E2F86ABF-F9A6-490F-A10E-E92D1A9CA834}.Release|Any CPU.Build.0 = Release|Any CPU
		{021CC7AF-65B8-4217-98E3-21101F75018D}.Debug|Any CPU.ActiveCfg = Debug|Any CPU
		{021CC7AF-65B8-4217-98E3-21101F75018D}.Debug|Any CPU.Build.0 = Debug|Any CPU
		{021CC7AF-65B8-4217-98E3-21101F75018D}.Release|Any CPU.ActiveCfg = Release|Any CPU
		{021CC7AF-65B8-4217-98E3-21101F75018D}.Release|Any CPU.Build.0 = Release|Any CPU
		{9BB75A46-CE59-4EF9-81C9-FF070E640A8C}.Debug|Any CPU.ActiveCfg = Debug|Any CPU
		{9BB75A46-CE59-4EF9-81C9-FF070E640A8C}.Debug|Any CPU.Build.0 = Debug|Any CPU
		{9BB75A46-CE59-4EF9-81C9-FF070E640A8C}.Release|Any CPU.ActiveCfg = Release|Any CPU
		{9BB75A46-CE59-4EF9-81C9-FF070E640A8C}.Release|Any CPU.Build.0 = Release|Any CPU
	EndGlobalSection
	GlobalSection(SolutionProperties) = preSolution
		HideSolutionNode = FALSE
	EndGlobalSection
	GlobalSection(NestedProjects) = preSolution
		{CC3272BA-D30A-4CD2-B5F4-E4DF93C5BE85} = {6BC2F3AD-2ACD-45C7-B698-C6408C67C00F}
		{CB24E8A5-AE13-4D06-96FB-91C0EA087379} = {CC3272BA-D30A-4CD2-B5F4-E4DF93C5BE85}
		{DFFBD1AC-C5D8-48AC-AF34-23E3FD79C40F} = {CC3272BA-D30A-4CD2-B5F4-E4DF93C5BE85}
		{E13982E4-8FE2-44C0-ABF7-E2CB66B41203} = {CC3272BA-D30A-4CD2-B5F4-E4DF93C5BE85}
		{E2F86ABF-F9A6-490F-A10E-E92D1A9CA834} = {5BA476D2-2351-4330-9389-25B9684E1D17}
		{021CC7AF-65B8-4217-98E3-21101F75018D} = {5BA476D2-2351-4330-9389-25B9684E1D17}
		{9BB75A46-CE59-4EF9-81C9-FF070E640A8C} = {5BA476D2-2351-4330-9389-25B9684E1D17}
	EndGlobalSection
	GlobalSection(ExtensibilityGlobals) = postSolution
		SolutionGuid = {8519B281-509E-4900-9E4B-F07894B1724B}
	EndGlobalSection
EndGlobal
