
Microsoft Visual Studio Solution File, Format Version 12.00
# Visual Studio Version 17
VisualStudioVersion = 17.5.33414.496
MinimumVisualStudioVersion = 10.0.40219.1
Project("{9A19103F-16F7-4668-BE54-9A1E7A4F7556}") = "OrderAPI", "src\API\OrderAPI.csproj", "{FC6AF3D0-8927-490B-84CE-5B415F264423}"
EndProject
Project("{2150E333-8FDC-42A3-9474-1A3956D46DE8}") = "Shared", "Shared", "{5BA476D2-2351-4330-9389-25B9684E1D17}"
EndProject
Project("{2150E333-8FDC-42A3-9474-1A3956D46DE8}") = "Modules", "Modules", "{6BC2F3AD-2ACD-45C7-B698-C6408C67C00F}"
EndProject
Project("{2150E333-8FDC-42A3-9474-1A3956D46DE8}") = "Customers", "Customers", "{CC3272BA-D30A-4CD2-B5F4-E4DF93C5BE85}"
EndProject
Project("{9A19103F-16F7-4668-BE54-9A1E7A4F7556}") = "Shared.Abstractions", "src\Shared\Shared.Abstractions\Shared.Abstractions.csproj", "{E2F86ABF-F9A6-490F-A10E-E92D1A9CA834}"
EndProject
Project("{9A19103F-16F7-4668-BE54-9A1E7A4F7556}") = "Shared.Infrastructure", "src\Shared\Shared.Infrastructure\Shared.Infrastructure.csproj", "{021CC7AF-65B8-4217-98E3-21101F75018D}"
EndProject
Project("{2150E333-8FDC-42A3-9474-1A3956D46DE8}") = "Identity", "Identity", "{6BC955A7-1A80-42F9-878E-DB44A47E1E06}"
EndProject
Project("{9A19103F-16F7-4668-BE54-9A1E7A4F7556}") = "Identity.API", "src\Modules\Identity\Identity.API\Identity.API.csproj", "{B8B822D1-57B7-412C-9C54-BBBB34291F84}"
EndProject
Project("{9A19103F-16F7-4668-BE54-9A1E7A4F7556}") = "Identity.Infrastructure", "src\Modules\Identity\Identity.Infrastructure\Identity.Infrastructure.csproj", "{432C7AA7-7F1B-47BF-9F81-5F3367CD9139}"
EndProject
Project("{9A19103F-16F7-4668-BE54-9A1E7A4F7556}") = "Identity.Application", "src\Modules\Identity\Identity.Application\Identity.Application.csproj", "{A5928A7B-39E7-4554-99F8-D821332AEF94}"
EndProject
Project("{9A19103F-16F7-4668-BE54-9A1E7A4F7556}") = "Identity.Domain", "src\Modules\Identity\Identity.Domain\Identity.Domain.csproj", "{96AFCE6F-5204-4DB3-AC3B-8D56C3FAEDC9}"
EndProject
Project("{9A19103F-16F7-4668-BE54-9A1E7A4F7556}") = "Shared.Domain", "src\Shared\Shared.Domain\Shared.Domain.csproj", "{E2F856E8-A114-429A-92B1-10D8F81B34EA}"
EndProject
Project("{9A19103F-16F7-4668-BE54-9A1E7A4F7556}") = "Shared.Application", "src\Shared\Shared.Application\Shared.Application.csproj", "{2701EA3E-9B80-4009-8354-40078E144B98}"
EndProject
Project("{9A19103F-16F7-4668-BE54-9A1E7A4F7556}") = "Customers.API", "src\Modules\Customers\Customers.API\Customers.API.csproj", "{B82DE741-CE7C-4191-81D2-DA90C7BADA7B}"
EndProject
Project("{9A19103F-16F7-4668-BE54-9A1E7A4F7556}") = "Customers.Application", "src\Modules\Customers\Customers.Application\Customers.Application.csproj", "{4B803B83-31D3-49D3-936E-199646820B6B}"
EndProject
Project("{9A19103F-16F7-4668-BE54-9A1E7A4F7556}") = "Customers.Domain", "src\Modules\Customers\Customers.Domain\Customers.Domain.csproj", "{0A407B30-ACD4-40B0-8652-FF323FC22618}"
EndProject
Project("{9A19103F-16F7-4668-BE54-9A1E7A4F7556}") = "Customers.Infrastructure", "src\Modules\Customers\Customers.Infrastructure\Customers.Infrastructure.csproj", "{439AD62C-ACB9-41FB-9621-5B1C12898CEC}"
EndProject
Project("{9A19103F-16F7-4668-BE54-9A1E7A4F7556}") = "Shared.Contracts", "src\Shared\Shared.Contracts\Shared.Contracts.csproj", "{F77067DC-C1C3-48ED-B2D3-03CE60CA0126}"
EndProject
Global
	GlobalSection(SolutionConfigurationPlatforms) = preSolution
		Debug|Any CPU = Debug|Any CPU
		Release|Any CPU = Release|Any CPU
	EndGlobalSection
	GlobalSection(ProjectConfigurationPlatforms) = postSolution
		{FC6AF3D0-8927-490B-84CE-5B415F264423}.Debug|Any CPU.ActiveCfg = Debug|Any CPU
		{FC6AF3D0-8927-490B-84CE-5B415F264423}.Debug|Any CPU.Build.0 = Debug|Any CPU
		{FC6AF3D0-8927-490B-84CE-5B415F264423}.Release|Any CPU.ActiveCfg = Release|Any CPU
		{FC6AF3D0-8927-490B-84CE-5B415F264423}.Release|Any CPU.Build.0 = Release|Any CPU
		{E2F86ABF-F9A6-490F-A10E-E92D1A9CA834}.Debug|Any CPU.ActiveCfg = Debug|Any CPU
		{E2F86ABF-F9A6-490F-A10E-E92D1A9CA834}.Debug|Any CPU.Build.0 = Debug|Any CPU
		{E2F86ABF-F9A6-490F-A10E-E92D1A9CA834}.Release|Any CPU.ActiveCfg = Release|Any CPU
		{E2F86ABF-F9A6-490F-A10E-E92D1A9CA834}.Release|Any CPU.Build.0 = Release|Any CPU
		{021CC7AF-65B8-4217-98E3-21101F75018D}.Debug|Any CPU.ActiveCfg = Debug|Any CPU
		{021CC7AF-65B8-4217-98E3-21101F75018D}.Debug|Any CPU.Build.0 = Debug|Any CPU
		{021CC7AF-65B8-4217-98E3-21101F75018D}.Release|Any CPU.ActiveCfg = Release|Any CPU
		{021CC7AF-65B8-4217-98E3-21101F75018D}.Release|Any CPU.Build.0 = Release|Any CPU
		{B8B822D1-57B7-412C-9C54-BBBB34291F84}.Debug|Any CPU.ActiveCfg = Debug|Any CPU
		{B8B822D1-57B7-412C-9C54-BBBB34291F84}.Debug|Any CPU.Build.0 = Debug|Any CPU
		{B8B822D1-57B7-412C-9C54-BBBB34291F84}.Release|Any CPU.ActiveCfg = Release|Any CPU
		{B8B822D1-57B7-412C-9C54-BBBB34291F84}.Release|Any CPU.Build.0 = Release|Any CPU
		{432C7AA7-7F1B-47BF-9F81-5F3367CD9139}.Debug|Any CPU.ActiveCfg = Debug|Any CPU
		{432C7AA7-7F1B-47BF-9F81-5F3367CD9139}.Debug|Any CPU.Build.0 = Debug|Any CPU
		{432C7AA7-7F1B-47BF-9F81-5F3367CD9139}.Release|Any CPU.ActiveCfg = Release|Any CPU
		{432C7AA7-7F1B-47BF-9F81-5F3367CD9139}.Release|Any CPU.Build.0 = Release|Any CPU
		{A5928A7B-39E7-4554-99F8-D821332AEF94}.Debug|Any CPU.ActiveCfg = Debug|Any CPU
		{A5928A7B-39E7-4554-99F8-D821332AEF94}.Debug|Any CPU.Build.0 = Debug|Any CPU
		{A5928A7B-39E7-4554-99F8-D821332AEF94}.Release|Any CPU.ActiveCfg = Release|Any CPU
		{A5928A7B-39E7-4554-99F8-D821332AEF94}.Release|Any CPU.Build.0 = Release|Any CPU
		{96AFCE6F-5204-4DB3-AC3B-8D56C3FAEDC9}.Debug|Any CPU.ActiveCfg = Debug|Any CPU
		{96AFCE6F-5204-4DB3-AC3B-8D56C3FAEDC9}.Debug|Any CPU.Build.0 = Debug|Any CPU
		{96AFCE6F-5204-4DB3-AC3B-8D56C3FAEDC9}.Release|Any CPU.ActiveCfg = Release|Any CPU
		{96AFCE6F-5204-4DB3-AC3B-8D56C3FAEDC9}.Release|Any CPU.Build.0 = Release|Any CPU
		{E2F856E8-A114-429A-92B1-10D8F81B34EA}.Debug|Any CPU.ActiveCfg = Debug|Any CPU
		{E2F856E8-A114-429A-92B1-10D8F81B34EA}.Debug|Any CPU.Build.0 = Debug|Any CPU
		{E2F856E8-A114-429A-92B1-10D8F81B34EA}.Release|Any CPU.ActiveCfg = Release|Any CPU
		{E2F856E8-A114-429A-92B1-10D8F81B34EA}.Release|Any CPU.Build.0 = Release|Any CPU
		{2701EA3E-9B80-4009-8354-40078E144B98}.Debug|Any CPU.ActiveCfg = Debug|Any CPU
		{2701EA3E-9B80-4009-8354-40078E144B98}.Debug|Any CPU.Build.0 = Debug|Any CPU
		{2701EA3E-9B80-4009-8354-40078E144B98}.Release|Any CPU.ActiveCfg = Release|Any CPU
		{2701EA3E-9B80-4009-8354-40078E144B98}.Release|Any CPU.Build.0 = Release|Any CPU
		{B82DE741-CE7C-4191-81D2-DA90C7BADA7B}.Debug|Any CPU.ActiveCfg = Debug|Any CPU
		{B82DE741-CE7C-4191-81D2-DA90C7BADA7B}.Debug|Any CPU.Build.0 = Debug|Any CPU
		{B82DE741-CE7C-4191-81D2-DA90C7BADA7B}.Release|Any CPU.ActiveCfg = Release|Any CPU
		{B82DE741-CE7C-4191-81D2-DA90C7BADA7B}.Release|Any CPU.Build.0 = Release|Any CPU
		{4B803B83-31D3-49D3-936E-199646820B6B}.Debug|Any CPU.ActiveCfg = Debug|Any CPU
		{4B803B83-31D3-49D3-936E-199646820B6B}.Debug|Any CPU.Build.0 = Debug|Any CPU
		{4B803B83-31D3-49D3-936E-199646820B6B}.Release|Any CPU.ActiveCfg = Release|Any CPU
		{4B803B83-31D3-49D3-936E-199646820B6B}.Release|Any CPU.Build.0 = Release|Any CPU
		{0A407B30-ACD4-40B0-8652-FF323FC22618}.Debug|Any CPU.ActiveCfg = Debug|Any CPU
		{0A407B30-ACD4-40B0-8652-FF323FC22618}.Debug|Any CPU.Build.0 = Debug|Any CPU
		{0A407B30-ACD4-40B0-8652-FF323FC22618}.Release|Any CPU.ActiveCfg = Release|Any CPU
		{0A407B30-ACD4-40B0-8652-FF323FC22618}.Release|Any CPU.Build.0 = Release|Any CPU
		{439AD62C-ACB9-41FB-9621-5B1C12898CEC}.Debug|Any CPU.ActiveCfg = Debug|Any CPU
		{439AD62C-ACB9-41FB-9621-5B1C12898CEC}.Debug|Any CPU.Build.0 = Debug|Any CPU
		{439AD62C-ACB9-41FB-9621-5B1C12898CEC}.Release|Any CPU.ActiveCfg = Release|Any CPU
		{439AD62C-ACB9-41FB-9621-5B1C12898CEC}.Release|Any CPU.Build.0 = Release|Any CPU
		{F77067DC-C1C3-48ED-B2D3-03CE60CA0126}.Debug|Any CPU.ActiveCfg = Debug|Any CPU
		{F77067DC-C1C3-48ED-B2D3-03CE60CA0126}.Debug|Any CPU.Build.0 = Debug|Any CPU
		{F77067DC-C1C3-48ED-B2D3-03CE60CA0126}.Release|Any CPU.ActiveCfg = Release|Any CPU
		{F77067DC-C1C3-48ED-B2D3-03CE60CA0126}.Release|Any CPU.Build.0 = Release|Any CPU
	EndGlobalSection
	GlobalSection(SolutionProperties) = preSolution
		HideSolutionNode = FALSE
	EndGlobalSection
	GlobalSection(NestedProjects) = preSolution
		{CC3272BA-D30A-4CD2-B5F4-E4DF93C5BE85} = {6BC2F3AD-2ACD-45C7-B698-C6408C67C00F}
		{E2F86ABF-F9A6-490F-A10E-E92D1A9CA834} = {5BA476D2-2351-4330-9389-25B9684E1D17}
		{021CC7AF-65B8-4217-98E3-21101F75018D} = {5BA476D2-2351-4330-9389-25B9684E1D17}
		{6BC955A7-1A80-42F9-878E-DB44A47E1E06} = {6BC2F3AD-2ACD-45C7-B698-C6408C67C00F}
		{B8B822D1-57B7-412C-9C54-BBBB34291F84} = {6BC955A7-1A80-42F9-878E-DB44A47E1E06}
		{432C7AA7-7F1B-47BF-9F81-5F3367CD9139} = {6BC955A7-1A80-42F9-878E-DB44A47E1E06}
		{A5928A7B-39E7-4554-99F8-D821332AEF94} = {6BC955A7-1A80-42F9-878E-DB44A47E1E06}
		{96AFCE6F-5204-4DB3-AC3B-8D56C3FAEDC9} = {6BC955A7-1A80-42F9-878E-DB44A47E1E06}
		{E2F856E8-A114-429A-92B1-10D8F81B34EA} = {5BA476D2-2351-4330-9389-25B9684E1D17}
		{2701EA3E-9B80-4009-8354-40078E144B98} = {5BA476D2-2351-4330-9389-25B9684E1D17}
		{B82DE741-CE7C-4191-81D2-DA90C7BADA7B} = {CC3272BA-D30A-4CD2-B5F4-E4DF93C5BE85}
		{4B803B83-31D3-49D3-936E-199646820B6B} = {CC3272BA-D30A-4CD2-B5F4-E4DF93C5BE85}
		{0A407B30-ACD4-40B0-8652-FF323FC22618} = {CC3272BA-D30A-4CD2-B5F4-E4DF93C5BE85}
		{439AD62C-ACB9-41FB-9621-5B1C12898CEC} = {CC3272BA-D30A-4CD2-B5F4-E4DF93C5BE85}
		{F77067DC-C1C3-48ED-B2D3-03CE60CA0126} = {5BA476D2-2351-4330-9389-25B9684E1D17}
	EndGlobalSection
	GlobalSection(ExtensibilityGlobals) = postSolution
		SolutionGuid = {8519B281-509E-4900-9E4B-F07894B1724B}
	EndGlobalSection
EndGlobal
