
Microsoft Visual Studio Solution File, Format Version 12.00
# Visual Studio Version 17
VisualStudioVersion = 17.5.33414.496
MinimumVisualStudioVersion = 10.0.40219.1
Project("{9A19103F-16F7-4668-BE54-9A1E7A4F7556}") = "OrderAPI", "src\API\OrderAPI.csproj", "{FC6AF3D0-8927-490B-84CE-5B415F264423}"
EndProject
Project("{2150E333-8FDC-42A3-9474-1A3956D46DE8}") = "Shared", "Shared", "{5BA476D2-2351-4330-9389-25B9684E1D17}"
EndProject
Project("{2150E333-8FDC-42A3-9474-1A3956D46DE8}") = "Modules", "Modules", "{6BC2F3AD-2ACD-45C7-B698-C6408C67C00F}"
EndProject
Project("{2150E333-8FDC-42A3-9474-1A3956D46DE8}") = "Customers", "Customers", "{CC3272BA-D30A-4CD2-B5F4-E4DF93C5BE85}"
EndProject
Project("{9A19103F-16F7-4668-BE54-9A1E7A4F7556}") = "Shared.Abstractions", "src\Shared\Shared.Abstractions\Shared.Abstractions.csproj", "{E2F86ABF-F9A6-490F-A10E-E92D1A9CA834}"
EndProject
Project("{9A19103F-16F7-4668-BE54-9A1E7A4F7556}") = "Shared.Infrastructure", "src\Shared\Shared.Infrastructure\Shared.Infrastructure.csproj", "{021CC7AF-65B8-4217-98E3-21101F75018D}"
EndProject
Project("{2150E333-8FDC-42A3-9474-1A3956D46DE8}") = "Identity", "Identity", "{6BC955A7-1A80-42F9-878E-DB44A47E1E06}"
EndProject
Project("{9A19103F-16F7-4668-BE54-9A1E7A4F7556}") = "Identity.API", "src\Modules\Identity\Identity.API\Identity.API.csproj", "{B8B822D1-57B7-412C-9C54-BBBB34291F84}"
EndProject
Project("{9A19103F-16F7-4668-BE54-9A1E7A4F7556}") = "Identity.Infrastructure", "src\Modules\Identity\Identity.Infrastructure\Identity.Infrastructure.csproj", "{432C7AA7-7F1B-47BF-9F81-5F3367CD9139}"
EndProject
Project("{9A19103F-16F7-4668-BE54-9A1E7A4F7556}") = "Identity.Application", "src\Modules\Identity\Identity.Application\Identity.Application.csproj", "{A5928A7B-39E7-4554-99F8-D821332AEF94}"
EndProject
Project("{9A19103F-16F7-4668-BE54-9A1E7A4F7556}") = "Identity.Domain", "src\Modules\Identity\Identity.Domain\Identity.Domain.csproj", "{96AFCE6F-5204-4DB3-AC3B-8D56C3FAEDC9}"
EndProject
Project("{9A19103F-16F7-4668-BE54-9A1E7A4F7556}") = "Shared.Domain", "src\Shared\Shared.Domain\Shared.Domain.csproj", "{E2F856E8-A114-429A-92B1-10D8F81B34EA}"
EndProject
Project("{9A19103F-16F7-4668-BE54-9A1E7A4F7556}") = "Customers.API", "src\Modules\Customers\Customers.API\Customers.API.csproj", "{B82DE741-CE7C-4191-81D2-DA90C7BADA7B}"
EndProject
Project("{9A19103F-16F7-4668-BE54-9A1E7A4F7556}") = "Customers.Application", "src\Modules\Customers\Customers.Application\Customers.Application.csproj", "{4B803B83-31D3-49D3-936E-199646820B6B}"
EndProject
Project("{9A19103F-16F7-4668-BE54-9A1E7A4F7556}") = "Customers.Domain", "src\Modules\Customers\Customers.Domain\Customers.Domain.csproj", "{0A407B30-ACD4-40B0-8652-FF323FC22618}"
EndProject
Project("{9A19103F-16F7-4668-BE54-9A1E7A4F7556}") = "Customers.Infrastructure", "src\Modules\Customers\Customers.Infrastructure\Customers.Infrastructure.csproj", "{439AD62C-ACB9-41FB-9621-5B1C12898CEC}"
EndProject
Project("{9A19103F-16F7-4668-BE54-9A1E7A4F7556}") = "Shared.Contracts", "src\Shared\Shared.Contracts\Shared.Contracts.csproj", "{F77067DC-C1C3-48ED-B2D3-03CE60CA0126}"
EndProject
Project("{2150E333-8FDC-42A3-9474-1A3956D46DE8}") = "Employees", "Employees", "{9A93EBD9-3B65-48B0-A456-8C178358E8BA}"
EndProject
Project("{9A19103F-16F7-4668-BE54-9A1E7A4F7556}") = "Employees.API", "src\Modules\Employees\Employees.API\Employees.API.csproj", "{FBF0DDEF-235D-42B9-9C3F-E06D77DFEA4A}"
EndProject
Project("{9A19103F-16F7-4668-BE54-9A1E7A4F7556}") = "Employees.Application", "src\Modules\Employees\Employees.Application\Employees.Application.csproj", "{EAC9875F-2E49-41D9-879D-F37B5B836F9C}"
EndProject
Project("{9A19103F-16F7-4668-BE54-9A1E7A4F7556}") = "Employees.Domain", "src\Modules\Employees\Employees.Domain\Employees.Domain.csproj", "{A48D1595-D259-430C-A6A6-FCA3D2B84A2C}"
EndProject
Project("{9A19103F-16F7-4668-BE54-9A1E7A4F7556}") = "Employees.Infrastructure", "src\Modules\Employees\Employees.Infrastructure\Employees.Infrastructure.csproj", "{E42C4A2E-1826-4F67-A47B-1FA8EC12C751}"
EndProject
Project("{2150E333-8FDC-42A3-9474-1A3956D46DE8}") = "Orders", "Orders", "{FA2CDBD8-CD76-4FDB-8E42-9DD5A8D79FFD}"
EndProject
Project("{9A19103F-16F7-4668-BE54-9A1E7A4F7556}") = "Orders.API", "src\Modules\Orders\Orders.API\Orders.API.csproj", "{85C9B70C-C421-40CF-A8E3-9360ECADA7A4}"
EndProject
Project("{9A19103F-16F7-4668-BE54-9A1E7A4F7556}") = "Orders.Application", "src\Modules\Orders\Orders.Application\Orders.Application.csproj", "{56921F88-AED7-4657-9D4B-225F1C79D70A}"
EndProject
Project("{9A19103F-16F7-4668-BE54-9A1E7A4F7556}") = "Orders.Domain", "src\Modules\Orders\Orders.Domain\Orders.Domain.csproj", "{D87E3526-0141-4684-A77B-031737D06004}"
EndProject
Project("{9A19103F-16F7-4668-BE54-9A1E7A4F7556}") = "Orders.Infrastructure", "src\Modules\Orders\Orders.Infrastructure\Orders.Infrastructure.csproj", "{F835E0BE-5EB3-4D5E-ADED-2C19E204D93E}"
EndProject
Project("{9A19103F-16F7-4668-BE54-9A1E7A4F7556}") = "Customers.Test", "src\Modules\Customers\Customers.Test\Customers.Test.csproj", "{F61E6975-0F9D-4D37-91EF-63E63F738E42}"
EndProject
Project("{9A19103F-16F7-4668-BE54-9A1E7A4F7556}") = "Employees.Test", "src\Modules\Employees\Employees.Test\Employees.Test.csproj", "{6811362E-4CA6-4472-89E1-3138DC5A4B81}"
EndProject
Project("{9A19103F-16F7-4668-BE54-9A1E7A4F7556}") = "Orders.Test", "src\Modules\Orders\Orders.Test\Orders.Test.csproj", "{639C0A4F-64E5-4EAF-B705-8363B81C8A26}"
EndProject
Project("{2150E333-8FDC-42A3-9474-1A3956D46DE8}") = "Categories", "Categories", "{D681C5A1-64BE-4D6E-9AD8-6F3E844B7B0B}"
EndProject
Project("{2150E333-8FDC-42A3-9474-1A3956D46DE8}") = "OrdersDetails", "OrdersDetails", "{00E92B00-FB50-431A-B563-EDFA860A9A8B}"
EndProject
Project("{2150E333-8FDC-42A3-9474-1A3956D46DE8}") = "Products", "Products", "{07A97A3C-8B6B-46E4-A37B-B311520C0E5C}"
EndProject
Project("{2150E333-8FDC-42A3-9474-1A3956D46DE8}") = "Shippers", "Shippers", "{2BA81A8A-EAA4-412E-A8AF-D1529A242BB7}"
EndProject
Project("{2150E333-8FDC-42A3-9474-1A3956D46DE8}") = "Suppliers", "Suppliers", "{5B9151C7-8867-49A8-B7A2-836FDA3E4DF5}"
EndProject
Project("{9A19103F-16F7-4668-BE54-9A1E7A4F7556}") = "Categories.API", "src\Modules\Categories\Categories.API\Categories.API.csproj", "{7EE221ED-C56E-4726-BBBA-9132410C4C78}"
EndProject
Project("{9A19103F-16F7-4668-BE54-9A1E7A4F7556}") = "Categories.Application", "src\Modules\Categories\Categories.Application\Categories.Application.csproj", "{437AA0C2-416F-4F2D-935A-1D22C187D023}"
EndProject
Project("{9A19103F-16F7-4668-BE54-9A1E7A4F7556}") = "Categories.Domain", "src\Modules\Categories\Categories.Domain\Categories.Domain.csproj", "{8FEC4B4F-DD6B-4461-A6BE-A49AC1D2CA5E}"
EndProject
Project("{9A19103F-16F7-4668-BE54-9A1E7A4F7556}") = "Categories.Infrastructure", "src\Modules\Categories\Categories.Infrastructure\Categories.Infrastructure.csproj", "{B4208022-7C64-4B28-A2E5-78E5B1B34EAB}"
EndProject
Project("{9A19103F-16F7-4668-BE54-9A1E7A4F7556}") = "Categories.Test", "src\Modules\Categories\Categories.Test\Categories.Test.csproj", "{B9F22EE0-E0AD-4535-9AE0-AA39EF0CFCF6}"
EndProject
Project("{9A19103F-16F7-4668-BE54-9A1E7A4F7556}") = "OrdersDetails.API", "src\Modules\OrdersDetails\OrdersDetails.API\OrdersDetails.API.csproj", "{EB37CDFC-3733-4F60-9E3D-B65A9AD868D6}"
EndProject
Project("{9A19103F-16F7-4668-BE54-9A1E7A4F7556}") = "OrdersDetails.Application", "src\Modules\OrdersDetails\OrdersDetails.Application\OrdersDetails.Application.csproj", "{BCC26E4C-79FE-4BA2-9135-03C876CDD178}"
EndProject
Project("{9A19103F-16F7-4668-BE54-9A1E7A4F7556}") = "OrdersDetails.Domain", "src\Modules\OrdersDetails\OrdersDetails.Domain\OrdersDetails.Domain.csproj", "{807AA323-E397-4F0F-AC9A-91A92BD456AB}"
EndProject
Project("{9A19103F-16F7-4668-BE54-9A1E7A4F7556}") = "OrdersDetails.Infrastructure", "src\Modules\OrdersDetails\OrdersDetails.Infrastructure\OrdersDetails.Infrastructure.csproj", "{AD1AB205-1F31-4127-8FE2-D635E258D500}"
EndProject
Project("{9A19103F-16F7-4668-BE54-9A1E7A4F7556}") = "OrdersDetails.Test", "src\Modules\OrdersDetails\OrdersDetails.Test\OrdersDetails.Test.csproj", "{0C7007BD-A716-4FAA-A1B7-ECB2F7DD336E}"
EndProject
Project("{9A19103F-16F7-4668-BE54-9A1E7A4F7556}") = "Products.API", "src\Modules\Products\Products.API\Products.API.csproj", "{0CCF02C6-FE4D-48F3-87C3-1239163B2FDF}"
EndProject
Project("{9A19103F-16F7-4668-BE54-9A1E7A4F7556}") = "Products.Application", "src\Modules\Products\Products.Application\Products.Application.csproj", "{AE2B9039-C829-44AE-87EF-4286F3F1F274}"
EndProject
Project("{9A19103F-16F7-4668-BE54-9A1E7A4F7556}") = "Products.Domain", "src\Modules\Products\Products.Domain\Products.Domain.csproj", "{D18462A3-8163-4392-8403-427E4892805C}"
EndProject
Project("{9A19103F-16F7-4668-BE54-9A1E7A4F7556}") = "Products.Infrastructure", "src\Modules\Products\Products.Infrastructure\Products.Infrastructure.csproj", "{71CD8952-6401-4277-A77B-82A3E6DC89FF}"
EndProject
Project("{9A19103F-16F7-4668-BE54-9A1E7A4F7556}") = "Products.Test", "src\Modules\Products\Products.Test\Products.Test.csproj", "{38B25AEA-46C6-40A6-ABF5-E7A8F8255FE9}"
EndProject
Project("{9A19103F-16F7-4668-BE54-9A1E7A4F7556}") = "Shippers.API", "src\Modules\Shippers\Shippers.API\Shippers.API.csproj", "{F460D662-DCAA-4143-9E69-BF0AA44FA297}"
EndProject
Project("{9A19103F-16F7-4668-BE54-9A1E7A4F7556}") = "Shippers.Application", "src\Modules\Shippers\Shippers.Application\Shippers.Application.csproj", "{3DDFC2FD-131E-4CDE-87BD-9879F26A577B}"
EndProject
Project("{9A19103F-16F7-4668-BE54-9A1E7A4F7556}") = "Shippers.Domain", "src\Modules\Shippers\Shippers.Domain\Shippers.Domain.csproj", "{108993AA-D03D-4D9B-BE00-6FA075378B15}"
EndProject
Project("{9A19103F-16F7-4668-BE54-9A1E7A4F7556}") = "Shippers.Infrastructure", "src\Modules\Shippers\Shippers.Infrastructure\Shippers.Infrastructure.csproj", "{BD98D67E-3527-4549-ABD2-0307F9AE5CA9}"
EndProject
Project("{9A19103F-16F7-4668-BE54-9A1E7A4F7556}") = "Shippers.Test", "src\Modules\Shippers\Shippers.Test\Shippers.Test.csproj", "{0D459BF1-773C-4DD8-90BD-ED5F701AD3FE}"
EndProject
Project("{9A19103F-16F7-4668-BE54-9A1E7A4F7556}") = "Suppliers.API", "src\Modules\Suppliers\Suppliers.API\Suppliers.API.csproj", "{CB8DA028-E9DD-4E89-AE4B-416F08ECA7D7}"
EndProject
Project("{9A19103F-16F7-4668-BE54-9A1E7A4F7556}") = "Suppliers.Application", "src\Modules\Suppliers\Suppliers.Application\Suppliers.Application.csproj", "{9AB0DC72-7D9B-4B87-8BD3-6B3177D801EB}"
EndProject
Project("{9A19103F-16F7-4668-BE54-9A1E7A4F7556}") = "Suppliers.Domain", "src\Modules\Suppliers\Suppliers.Domain\Suppliers.Domain.csproj", "{29C8331F-797E-411B-9187-0831809EDFB9}"
EndProject
Project("{9A19103F-16F7-4668-BE54-9A1E7A4F7556}") = "Suppliers.Infrastructure", "src\Modules\Suppliers\Suppliers.Infrastructure\Suppliers.Infrastructure.csproj", "{EB010870-5B75-4D92-ADA1-B9075251E693}"
EndProject
Project("{9A19103F-16F7-4668-BE54-9A1E7A4F7556}") = "Suppliers.Test", "src\Modules\Suppliers\Suppliers.Test\Suppliers.Test.csproj", "{D497FF7A-6346-400B-A18F-A44C00ACDBC0}"
EndProject
Project("{FAE04EC0-301F-11D3-BF4B-00C04F79EFBC}") = "Order.API.Test", "Tests\ArchTest\API\Order.API.Test\Order.API.Test.csproj", "{7EDE7475-6500-451C-B3D7-BBA1659BDEAE}"
EndProject
Project("{2150E333-8FDC-42A3-9474-1A3956D46DE8}") = "Tests", "Tests", "{F0419368-CA18-4649-A26D-93558636A58C}"
EndProject
Global
	GlobalSection(SolutionConfigurationPlatforms) = preSolution
		Debug|Any CPU = Debug|Any CPU
		Release|Any CPU = Release|Any CPU
	EndGlobalSection
	GlobalSection(ProjectConfigurationPlatforms) = postSolution
		{FC6AF3D0-8927-490B-84CE-5B415F264423}.Debug|Any CPU.ActiveCfg = Debug|Any CPU
		{FC6AF3D0-8927-490B-84CE-5B415F264423}.Debug|Any CPU.Build.0 = Debug|Any CPU
		{FC6AF3D0-8927-490B-84CE-5B415F264423}.Release|Any CPU.ActiveCfg = Release|Any CPU
		{FC6AF3D0-8927-490B-84CE-5B415F264423}.Release|Any CPU.Build.0 = Release|Any CPU
		{E2F86ABF-F9A6-490F-A10E-E92D1A9CA834}.Debug|Any CPU.ActiveCfg = Debug|Any CPU
		{E2F86ABF-F9A6-490F-A10E-E92D1A9CA834}.Debug|Any CPU.Build.0 = Debug|Any CPU
		{E2F86ABF-F9A6-490F-A10E-E92D1A9CA834}.Release|Any CPU.ActiveCfg = Release|Any CPU
		{E2F86ABF-F9A6-490F-A10E-E92D1A9CA834}.Release|Any CPU.Build.0 = Release|Any CPU
		{021CC7AF-65B8-4217-98E3-21101F75018D}.Debug|Any CPU.ActiveCfg = Debug|Any CPU
		{021CC7AF-65B8-4217-98E3-21101F75018D}.Debug|Any CPU.Build.0 = Debug|Any CPU
		{021CC7AF-65B8-4217-98E3-21101F75018D}.Release|Any CPU.ActiveCfg = Release|Any CPU
		{021CC7AF-65B8-4217-98E3-21101F75018D}.Release|Any CPU.Build.0 = Release|Any CPU
		{B8B822D1-57B7-412C-9C54-BBBB34291F84}.Debug|Any CPU.ActiveCfg = Debug|Any CPU
		{B8B822D1-57B7-412C-9C54-BBBB34291F84}.Debug|Any CPU.Build.0 = Debug|Any CPU
		{B8B822D1-57B7-412C-9C54-BBBB34291F84}.Release|Any CPU.ActiveCfg = Release|Any CPU
		{B8B822D1-57B7-412C-9C54-BBBB34291F84}.Release|Any CPU.Build.0 = Release|Any CPU
		{432C7AA7-7F1B-47BF-9F81-5F3367CD9139}.Debug|Any CPU.ActiveCfg = Debug|Any CPU
		{432C7AA7-7F1B-47BF-9F81-5F3367CD9139}.Debug|Any CPU.Build.0 = Debug|Any CPU
		{432C7AA7-7F1B-47BF-9F81-5F3367CD9139}.Release|Any CPU.ActiveCfg = Release|Any CPU
		{432C7AA7-7F1B-47BF-9F81-5F3367CD9139}.Release|Any CPU.Build.0 = Release|Any CPU
		{A5928A7B-39E7-4554-99F8-D821332AEF94}.Debug|Any CPU.ActiveCfg = Debug|Any CPU
		{A5928A7B-39E7-4554-99F8-D821332AEF94}.Debug|Any CPU.Build.0 = Debug|Any CPU
		{A5928A7B-39E7-4554-99F8-D821332AEF94}.Release|Any CPU.ActiveCfg = Release|Any CPU
		{A5928A7B-39E7-4554-99F8-D821332AEF94}.Release|Any CPU.Build.0 = Release|Any CPU
		{96AFCE6F-5204-4DB3-AC3B-8D56C3FAEDC9}.Debug|Any CPU.ActiveCfg = Debug|Any CPU
		{96AFCE6F-5204-4DB3-AC3B-8D56C3FAEDC9}.Debug|Any CPU.Build.0 = Debug|Any CPU
		{96AFCE6F-5204-4DB3-AC3B-8D56C3FAEDC9}.Release|Any CPU.ActiveCfg = Release|Any CPU
		{96AFCE6F-5204-4DB3-AC3B-8D56C3FAEDC9}.Release|Any CPU.Build.0 = Release|Any CPU
		{E2F856E8-A114-429A-92B1-10D8F81B34EA}.Debug|Any CPU.ActiveCfg = Debug|Any CPU
		{E2F856E8-A114-429A-92B1-10D8F81B34EA}.Debug|Any CPU.Build.0 = Debug|Any CPU
		{E2F856E8-A114-429A-92B1-10D8F81B34EA}.Release|Any CPU.ActiveCfg = Release|Any CPU
		{E2F856E8-A114-429A-92B1-10D8F81B34EA}.Release|Any CPU.Build.0 = Release|Any CPU
		{B82DE741-CE7C-4191-81D2-DA90C7BADA7B}.Debug|Any CPU.ActiveCfg = Debug|Any CPU
		{B82DE741-CE7C-4191-81D2-DA90C7BADA7B}.Debug|Any CPU.Build.0 = Debug|Any CPU
		{B82DE741-CE7C-4191-81D2-DA90C7BADA7B}.Release|Any CPU.ActiveCfg = Release|Any CPU
		{B82DE741-CE7C-4191-81D2-DA90C7BADA7B}.Release|Any CPU.Build.0 = Release|Any CPU
		{4B803B83-31D3-49D3-936E-199646820B6B}.Debug|Any CPU.ActiveCfg = Debug|Any CPU
		{4B803B83-31D3-49D3-936E-199646820B6B}.Debug|Any CPU.Build.0 = Debug|Any CPU
		{4B803B83-31D3-49D3-936E-199646820B6B}.Release|Any CPU.ActiveCfg = Release|Any CPU
		{4B803B83-31D3-49D3-936E-199646820B6B}.Release|Any CPU.Build.0 = Release|Any CPU
		{0A407B30-ACD4-40B0-8652-FF323FC22618}.Debug|Any CPU.ActiveCfg = Debug|Any CPU
		{0A407B30-ACD4-40B0-8652-FF323FC22618}.Debug|Any CPU.Build.0 = Debug|Any CPU
		{0A407B30-ACD4-40B0-8652-FF323FC22618}.Release|Any CPU.ActiveCfg = Release|Any CPU
		{0A407B30-ACD4-40B0-8652-FF323FC22618}.Release|Any CPU.Build.0 = Release|Any CPU
		{439AD62C-ACB9-41FB-9621-5B1C12898CEC}.Debug|Any CPU.ActiveCfg = Debug|Any CPU
		{439AD62C-ACB9-41FB-9621-5B1C12898CEC}.Debug|Any CPU.Build.0 = Debug|Any CPU
		{439AD62C-ACB9-41FB-9621-5B1C12898CEC}.Release|Any CPU.ActiveCfg = Release|Any CPU
		{439AD62C-ACB9-41FB-9621-5B1C12898CEC}.Release|Any CPU.Build.0 = Release|Any CPU
		{F77067DC-C1C3-48ED-B2D3-03CE60CA0126}.Debug|Any CPU.ActiveCfg = Debug|Any CPU
		{F77067DC-C1C3-48ED-B2D3-03CE60CA0126}.Debug|Any CPU.Build.0 = Debug|Any CPU
		{F77067DC-C1C3-48ED-B2D3-03CE60CA0126}.Release|Any CPU.ActiveCfg = Release|Any CPU
		{F77067DC-C1C3-48ED-B2D3-03CE60CA0126}.Release|Any CPU.Build.0 = Release|Any CPU
		{FBF0DDEF-235D-42B9-9C3F-E06D77DFEA4A}.Debug|Any CPU.ActiveCfg = Debug|Any CPU
		{FBF0DDEF-235D-42B9-9C3F-E06D77DFEA4A}.Debug|Any CPU.Build.0 = Debug|Any CPU
		{FBF0DDEF-235D-42B9-9C3F-E06D77DFEA4A}.Release|Any CPU.ActiveCfg = Release|Any CPU
		{FBF0DDEF-235D-42B9-9C3F-E06D77DFEA4A}.Release|Any CPU.Build.0 = Release|Any CPU
		{EAC9875F-2E49-41D9-879D-F37B5B836F9C}.Debug|Any CPU.ActiveCfg = Debug|Any CPU
		{EAC9875F-2E49-41D9-879D-F37B5B836F9C}.Debug|Any CPU.Build.0 = Debug|Any CPU
		{EAC9875F-2E49-41D9-879D-F37B5B836F9C}.Release|Any CPU.ActiveCfg = Release|Any CPU
		{EAC9875F-2E49-41D9-879D-F37B5B836F9C}.Release|Any CPU.Build.0 = Release|Any CPU
		{A48D1595-D259-430C-A6A6-FCA3D2B84A2C}.Debug|Any CPU.ActiveCfg = Debug|Any CPU
		{A48D1595-D259-430C-A6A6-FCA3D2B84A2C}.Debug|Any CPU.Build.0 = Debug|Any CPU
		{A48D1595-D259-430C-A6A6-FCA3D2B84A2C}.Release|Any CPU.ActiveCfg = Release|Any CPU
		{A48D1595-D259-430C-A6A6-FCA3D2B84A2C}.Release|Any CPU.Build.0 = Release|Any CPU
		{E42C4A2E-1826-4F67-A47B-1FA8EC12C751}.Debug|Any CPU.ActiveCfg = Debug|Any CPU
		{E42C4A2E-1826-4F67-A47B-1FA8EC12C751}.Debug|Any CPU.Build.0 = Debug|Any CPU
		{E42C4A2E-1826-4F67-A47B-1FA8EC12C751}.Release|Any CPU.ActiveCfg = Release|Any CPU
		{E42C4A2E-1826-4F67-A47B-1FA8EC12C751}.Release|Any CPU.Build.0 = Release|Any CPU
		{85C9B70C-C421-40CF-A8E3-9360ECADA7A4}.Debug|Any CPU.ActiveCfg = Debug|Any CPU
		{85C9B70C-C421-40CF-A8E3-9360ECADA7A4}.Debug|Any CPU.Build.0 = Debug|Any CPU
		{85C9B70C-C421-40CF-A8E3-9360ECADA7A4}.Release|Any CPU.ActiveCfg = Release|Any CPU
		{85C9B70C-C421-40CF-A8E3-9360ECADA7A4}.Release|Any CPU.Build.0 = Release|Any CPU
		{56921F88-AED7-4657-9D4B-225F1C79D70A}.Debug|Any CPU.ActiveCfg = Debug|Any CPU
		{56921F88-AED7-4657-9D4B-225F1C79D70A}.Debug|Any CPU.Build.0 = Debug|Any CPU
		{56921F88-AED7-4657-9D4B-225F1C79D70A}.Release|Any CPU.ActiveCfg = Release|Any CPU
		{56921F88-AED7-4657-9D4B-225F1C79D70A}.Release|Any CPU.Build.0 = Release|Any CPU
		{D87E3526-0141-4684-A77B-031737D06004}.Debug|Any CPU.ActiveCfg = Debug|Any CPU
		{D87E3526-0141-4684-A77B-031737D06004}.Debug|Any CPU.Build.0 = Debug|Any CPU
		{D87E3526-0141-4684-A77B-031737D06004}.Release|Any CPU.ActiveCfg = Release|Any CPU
		{D87E3526-0141-4684-A77B-031737D06004}.Release|Any CPU.Build.0 = Release|Any CPU
		{F835E0BE-5EB3-4D5E-ADED-2C19E204D93E}.Debug|Any CPU.ActiveCfg = Debug|Any CPU
		{F835E0BE-5EB3-4D5E-ADED-2C19E204D93E}.Debug|Any CPU.Build.0 = Debug|Any CPU
		{F835E0BE-5EB3-4D5E-ADED-2C19E204D93E}.Release|Any CPU.ActiveCfg = Release|Any CPU
		{F835E0BE-5EB3-4D5E-ADED-2C19E204D93E}.Release|Any CPU.Build.0 = Release|Any CPU
		{F61E6975-0F9D-4D37-91EF-63E63F738E42}.Debug|Any CPU.ActiveCfg = Debug|Any CPU
		{F61E6975-0F9D-4D37-91EF-63E63F738E42}.Debug|Any CPU.Build.0 = Debug|Any CPU
		{F61E6975-0F9D-4D37-91EF-63E63F738E42}.Release|Any CPU.ActiveCfg = Release|Any CPU
		{F61E6975-0F9D-4D37-91EF-63E63F738E42}.Release|Any CPU.Build.0 = Release|Any CPU
		{6811362E-4CA6-4472-89E1-3138DC5A4B81}.Debug|Any CPU.ActiveCfg = Debug|Any CPU
		{6811362E-4CA6-4472-89E1-3138DC5A4B81}.Debug|Any CPU.Build.0 = Debug|Any CPU
		{6811362E-4CA6-4472-89E1-3138DC5A4B81}.Release|Any CPU.ActiveCfg = Release|Any CPU
		{6811362E-4CA6-4472-89E1-3138DC5A4B81}.Release|Any CPU.Build.0 = Release|Any CPU
		{639C0A4F-64E5-4EAF-B705-8363B81C8A26}.Debug|Any CPU.ActiveCfg = Debug|Any CPU
		{639C0A4F-64E5-4EAF-B705-8363B81C8A26}.Debug|Any CPU.Build.0 = Debug|Any CPU
		{639C0A4F-64E5-4EAF-B705-8363B81C8A26}.Release|Any CPU.ActiveCfg = Release|Any CPU
		{639C0A4F-64E5-4EAF-B705-8363B81C8A26}.Release|Any CPU.Build.0 = Release|Any CPU
		{7EE221ED-C56E-4726-BBBA-9132410C4C78}.Debug|Any CPU.ActiveCfg = Debug|Any CPU
		{7EE221ED-C56E-4726-BBBA-9132410C4C78}.Debug|Any CPU.Build.0 = Debug|Any CPU
		{7EE221ED-C56E-4726-BBBA-9132410C4C78}.Release|Any CPU.ActiveCfg = Release|Any CPU
		{7EE221ED-C56E-4726-BBBA-9132410C4C78}.Release|Any CPU.Build.0 = Release|Any CPU
		{437AA0C2-416F-4F2D-935A-1D22C187D023}.Debug|Any CPU.ActiveCfg = Debug|Any CPU
		{437AA0C2-416F-4F2D-935A-1D22C187D023}.Debug|Any CPU.Build.0 = Debug|Any CPU
		{437AA0C2-416F-4F2D-935A-1D22C187D023}.Release|Any CPU.ActiveCfg = Release|Any CPU
		{437AA0C2-416F-4F2D-935A-1D22C187D023}.Release|Any CPU.Build.0 = Release|Any CPU
		{8FEC4B4F-DD6B-4461-A6BE-A49AC1D2CA5E}.Debug|Any CPU.ActiveCfg = Debug|Any CPU
		{8FEC4B4F-DD6B-4461-A6BE-A49AC1D2CA5E}.Debug|Any CPU.Build.0 = Debug|Any CPU
		{8FEC4B4F-DD6B-4461-A6BE-A49AC1D2CA5E}.Release|Any CPU.ActiveCfg = Release|Any CPU
		{8FEC4B4F-DD6B-4461-A6BE-A49AC1D2CA5E}.Release|Any CPU.Build.0 = Release|Any CPU
		{B4208022-7C64-4B28-A2E5-78E5B1B34EAB}.Debug|Any CPU.ActiveCfg = Debug|Any CPU
		{B4208022-7C64-4B28-A2E5-78E5B1B34EAB}.Debug|Any CPU.Build.0 = Debug|Any CPU
		{B4208022-7C64-4B28-A2E5-78E5B1B34EAB}.Release|Any CPU.ActiveCfg = Release|Any CPU
		{B4208022-7C64-4B28-A2E5-78E5B1B34EAB}.Release|Any CPU.Build.0 = Release|Any CPU
		{B9F22EE0-E0AD-4535-9AE0-AA39EF0CFCF6}.Debug|Any CPU.ActiveCfg = Debug|Any CPU
		{B9F22EE0-E0AD-4535-9AE0-AA39EF0CFCF6}.Debug|Any CPU.Build.0 = Debug|Any CPU
		{B9F22EE0-E0AD-4535-9AE0-AA39EF0CFCF6}.Release|Any CPU.ActiveCfg = Release|Any CPU
		{B9F22EE0-E0AD-4535-9AE0-AA39EF0CFCF6}.Release|Any CPU.Build.0 = Release|Any CPU
		{EB37CDFC-3733-4F60-9E3D-B65A9AD868D6}.Debug|Any CPU.ActiveCfg = Debug|Any CPU
		{EB37CDFC-3733-4F60-9E3D-B65A9AD868D6}.Debug|Any CPU.Build.0 = Debug|Any CPU
		{EB37CDFC-3733-4F60-9E3D-B65A9AD868D6}.Release|Any CPU.ActiveCfg = Release|Any CPU
		{EB37CDFC-3733-4F60-9E3D-B65A9AD868D6}.Release|Any CPU.Build.0 = Release|Any CPU
		{BCC26E4C-79FE-4BA2-9135-03C876CDD178}.Debug|Any CPU.ActiveCfg = Debug|Any CPU
		{BCC26E4C-79FE-4BA2-9135-03C876CDD178}.Debug|Any CPU.Build.0 = Debug|Any CPU
		{BCC26E4C-79FE-4BA2-9135-03C876CDD178}.Release|Any CPU.ActiveCfg = Release|Any CPU
		{BCC26E4C-79FE-4BA2-9135-03C876CDD178}.Release|Any CPU.Build.0 = Release|Any CPU
		{807AA323-E397-4F0F-AC9A-91A92BD456AB}.Debug|Any CPU.ActiveCfg = Debug|Any CPU
		{807AA323-E397-4F0F-AC9A-91A92BD456AB}.Debug|Any CPU.Build.0 = Debug|Any CPU
		{807AA323-E397-4F0F-AC9A-91A92BD456AB}.Release|Any CPU.ActiveCfg = Release|Any CPU
		{807AA323-E397-4F0F-AC9A-91A92BD456AB}.Release|Any CPU.Build.0 = Release|Any CPU
		{AD1AB205-1F31-4127-8FE2-D635E258D500}.Debug|Any CPU.ActiveCfg = Debug|Any CPU
		{AD1AB205-1F31-4127-8FE2-D635E258D500}.Debug|Any CPU.Build.0 = Debug|Any CPU
		{AD1AB205-1F31-4127-8FE2-D635E258D500}.Release|Any CPU.ActiveCfg = Release|Any CPU
		{AD1AB205-1F31-4127-8FE2-D635E258D500}.Release|Any CPU.Build.0 = Release|Any CPU
		{0C7007BD-A716-4FAA-A1B7-ECB2F7DD336E}.Debug|Any CPU.ActiveCfg = Debug|Any CPU
		{0C7007BD-A716-4FAA-A1B7-ECB2F7DD336E}.Debug|Any CPU.Build.0 = Debug|Any CPU
		{0C7007BD-A716-4FAA-A1B7-ECB2F7DD336E}.Release|Any CPU.ActiveCfg = Release|Any CPU
		{0C7007BD-A716-4FAA-A1B7-ECB2F7DD336E}.Release|Any CPU.Build.0 = Release|Any CPU
		{0CCF02C6-FE4D-48F3-87C3-1239163B2FDF}.Debug|Any CPU.ActiveCfg = Debug|Any CPU
		{0CCF02C6-FE4D-48F3-87C3-1239163B2FDF}.Debug|Any CPU.Build.0 = Debug|Any CPU
		{0CCF02C6-FE4D-48F3-87C3-1239163B2FDF}.Release|Any CPU.ActiveCfg = Release|Any CPU
		{0CCF02C6-FE4D-48F3-87C3-1239163B2FDF}.Release|Any CPU.Build.0 = Release|Any CPU
		{AE2B9039-C829-44AE-87EF-4286F3F1F274}.Debug|Any CPU.ActiveCfg = Debug|Any CPU
		{AE2B9039-C829-44AE-87EF-4286F3F1F274}.Debug|Any CPU.Build.0 = Debug|Any CPU
		{AE2B9039-C829-44AE-87EF-4286F3F1F274}.Release|Any CPU.ActiveCfg = Release|Any CPU
		{AE2B9039-C829-44AE-87EF-4286F3F1F274}.Release|Any CPU.Build.0 = Release|Any CPU
		{D18462A3-8163-4392-8403-427E4892805C}.Debug|Any CPU.ActiveCfg = Debug|Any CPU
		{D18462A3-8163-4392-8403-427E4892805C}.Debug|Any CPU.Build.0 = Debug|Any CPU
		{D18462A3-8163-4392-8403-427E4892805C}.Release|Any CPU.ActiveCfg = Release|Any CPU
		{D18462A3-8163-4392-8403-427E4892805C}.Release|Any CPU.Build.0 = Release|Any CPU
		{71CD8952-6401-4277-A77B-82A3E6DC89FF}.Debug|Any CPU.ActiveCfg = Debug|Any CPU
		{71CD8952-6401-4277-A77B-82A3E6DC89FF}.Debug|Any CPU.Build.0 = Debug|Any CPU
		{71CD8952-6401-4277-A77B-82A3E6DC89FF}.Release|Any CPU.ActiveCfg = Release|Any CPU
		{71CD8952-6401-4277-A77B-82A3E6DC89FF}.Release|Any CPU.Build.0 = Release|Any CPU
		{38B25AEA-46C6-40A6-ABF5-E7A8F8255FE9}.Debug|Any CPU.ActiveCfg = Debug|Any CPU
		{38B25AEA-46C6-40A6-ABF5-E7A8F8255FE9}.Debug|Any CPU.Build.0 = Debug|Any CPU
		{38B25AEA-46C6-40A6-ABF5-E7A8F8255FE9}.Release|Any CPU.ActiveCfg = Release|Any CPU
		{38B25AEA-46C6-40A6-ABF5-E7A8F8255FE9}.Release|Any CPU.Build.0 = Release|Any CPU
		{F460D662-DCAA-4143-9E69-BF0AA44FA297}.Debug|Any CPU.ActiveCfg = Debug|Any CPU
		{F460D662-DCAA-4143-9E69-BF0AA44FA297}.Debug|Any CPU.Build.0 = Debug|Any CPU
		{F460D662-DCAA-4143-9E69-BF0AA44FA297}.Release|Any CPU.ActiveCfg = Release|Any CPU
		{F460D662-DCAA-4143-9E69-BF0AA44FA297}.Release|Any CPU.Build.0 = Release|Any CPU
		{3DDFC2FD-131E-4CDE-87BD-9879F26A577B}.Debug|Any CPU.ActiveCfg = Debug|Any CPU
		{3DDFC2FD-131E-4CDE-87BD-9879F26A577B}.Debug|Any CPU.Build.0 = Debug|Any CPU
		{3DDFC2FD-131E-4CDE-87BD-9879F26A577B}.Release|Any CPU.ActiveCfg = Release|Any CPU
		{3DDFC2FD-131E-4CDE-87BD-9879F26A577B}.Release|Any CPU.Build.0 = Release|Any CPU
		{108993AA-D03D-4D9B-BE00-6FA075378B15}.Debug|Any CPU.ActiveCfg = Debug|Any CPU
		{108993AA-D03D-4D9B-BE00-6FA075378B15}.Debug|Any CPU.Build.0 = Debug|Any CPU
		{108993AA-D03D-4D9B-BE00-6FA075378B15}.Release|Any CPU.ActiveCfg = Release|Any CPU
		{108993AA-D03D-4D9B-BE00-6FA075378B15}.Release|Any CPU.Build.0 = Release|Any CPU
		{BD98D67E-3527-4549-ABD2-0307F9AE5CA9}.Debug|Any CPU.ActiveCfg = Debug|Any CPU
		{BD98D67E-3527-4549-ABD2-0307F9AE5CA9}.Debug|Any CPU.Build.0 = Debug|Any CPU
		{BD98D67E-3527-4549-ABD2-0307F9AE5CA9}.Release|Any CPU.ActiveCfg = Release|Any CPU
		{BD98D67E-3527-4549-ABD2-0307F9AE5CA9}.Release|Any CPU.Build.0 = Release|Any CPU
		{0D459BF1-773C-4DD8-90BD-ED5F701AD3FE}.Debug|Any CPU.ActiveCfg = Debug|Any CPU
		{0D459BF1-773C-4DD8-90BD-ED5F701AD3FE}.Debug|Any CPU.Build.0 = Debug|Any CPU
		{0D459BF1-773C-4DD8-90BD-ED5F701AD3FE}.Release|Any CPU.ActiveCfg = Release|Any CPU
		{0D459BF1-773C-4DD8-90BD-ED5F701AD3FE}.Release|Any CPU.Build.0 = Release|Any CPU
		{CB8DA028-E9DD-4E89-AE4B-416F08ECA7D7}.Debug|Any CPU.ActiveCfg = Debug|Any CPU
		{CB8DA028-E9DD-4E89-AE4B-416F08ECA7D7}.Debug|Any CPU.Build.0 = Debug|Any CPU
		{CB8DA028-E9DD-4E89-AE4B-416F08ECA7D7}.Release|Any CPU.ActiveCfg = Release|Any CPU
		{CB8DA028-E9DD-4E89-AE4B-416F08ECA7D7}.Release|Any CPU.Build.0 = Release|Any CPU
		{9AB0DC72-7D9B-4B87-8BD3-6B3177D801EB}.Debug|Any CPU.ActiveCfg = Debug|Any CPU
		{9AB0DC72-7D9B-4B87-8BD3-6B3177D801EB}.Debug|Any CPU.Build.0 = Debug|Any CPU
		{9AB0DC72-7D9B-4B87-8BD3-6B3177D801EB}.Release|Any CPU.ActiveCfg = Release|Any CPU
		{9AB0DC72-7D9B-4B87-8BD3-6B3177D801EB}.Release|Any CPU.Build.0 = Release|Any CPU
		{29C8331F-797E-411B-9187-0831809EDFB9}.Debug|Any CPU.ActiveCfg = Debug|Any CPU
		{29C8331F-797E-411B-9187-0831809EDFB9}.Debug|Any CPU.Build.0 = Debug|Any CPU
		{29C8331F-797E-411B-9187-0831809EDFB9}.Release|Any CPU.ActiveCfg = Release|Any CPU
		{29C8331F-797E-411B-9187-0831809EDFB9}.Release|Any CPU.Build.0 = Release|Any CPU
		{EB010870-5B75-4D92-ADA1-B9075251E693}.Debug|Any CPU.ActiveCfg = Debug|Any CPU
		{EB010870-5B75-4D92-ADA1-B9075251E693}.Debug|Any CPU.Build.0 = Debug|Any CPU
		{EB010870-5B75-4D92-ADA1-B9075251E693}.Release|Any CPU.ActiveCfg = Release|Any CPU
		{EB010870-5B75-4D92-ADA1-B9075251E693}.Release|Any CPU.Build.0 = Release|Any CPU
		{D497FF7A-6346-400B-A18F-A44C00ACDBC0}.Debug|Any CPU.ActiveCfg = Debug|Any CPU
		{D497FF7A-6346-400B-A18F-A44C00ACDBC0}.Debug|Any CPU.Build.0 = Debug|Any CPU
		{D497FF7A-6346-400B-A18F-A44C00ACDBC0}.Release|Any CPU.ActiveCfg = Release|Any CPU
		{D497FF7A-6346-400B-A18F-A44C00ACDBC0}.Release|Any CPU.Build.0 = Release|Any CPU
		{7EDE7475-6500-451C-B3D7-BBA1659BDEAE}.Debug|Any CPU.ActiveCfg = Debug|Any CPU
		{7EDE7475-6500-451C-B3D7-BBA1659BDEAE}.Debug|Any CPU.Build.0 = Debug|Any CPU
		{7EDE7475-6500-451C-B3D7-BBA1659BDEAE}.Release|Any CPU.ActiveCfg = Release|Any CPU
		{7EDE7475-6500-451C-B3D7-BBA1659BDEAE}.Release|Any CPU.Build.0 = Release|Any CPU
	EndGlobalSection
	GlobalSection(SolutionProperties) = preSolution
		HideSolutionNode = FALSE
	EndGlobalSection
	GlobalSection(NestedProjects) = preSolution
		{CC3272BA-D30A-4CD2-B5F4-E4DF93C5BE85} = {6BC2F3AD-2ACD-45C7-B698-C6408C67C00F}
		{E2F86ABF-F9A6-490F-A10E-E92D1A9CA834} = {5BA476D2-2351-4330-9389-25B9684E1D17}
		{021CC7AF-65B8-4217-98E3-21101F75018D} = {5BA476D2-2351-4330-9389-25B9684E1D17}
		{6BC955A7-1A80-42F9-878E-DB44A47E1E06} = {6BC2F3AD-2ACD-45C7-B698-C6408C67C00F}
		{B8B822D1-57B7-412C-9C54-BBBB34291F84} = {6BC955A7-1A80-42F9-878E-DB44A47E1E06}
		{432C7AA7-7F1B-47BF-9F81-5F3367CD9139} = {6BC955A7-1A80-42F9-878E-DB44A47E1E06}
		{A5928A7B-39E7-4554-99F8-D821332AEF94} = {6BC955A7-1A80-42F9-878E-DB44A47E1E06}
		{96AFCE6F-5204-4DB3-AC3B-8D56C3FAEDC9} = {6BC955A7-1A80-42F9-878E-DB44A47E1E06}
		{E2F856E8-A114-429A-92B1-10D8F81B34EA} = {5BA476D2-2351-4330-9389-25B9684E1D17}
		{B82DE741-CE7C-4191-81D2-DA90C7BADA7B} = {CC3272BA-D30A-4CD2-B5F4-E4DF93C5BE85}
		{4B803B83-31D3-49D3-936E-199646820B6B} = {CC3272BA-D30A-4CD2-B5F4-E4DF93C5BE85}
		{0A407B30-ACD4-40B0-8652-FF323FC22618} = {CC3272BA-D30A-4CD2-B5F4-E4DF93C5BE85}
		{439AD62C-ACB9-41FB-9621-5B1C12898CEC} = {CC3272BA-D30A-4CD2-B5F4-E4DF93C5BE85}
		{F77067DC-C1C3-48ED-B2D3-03CE60CA0126} = {5BA476D2-2351-4330-9389-25B9684E1D17}
		{9A93EBD9-3B65-48B0-A456-8C178358E8BA} = {6BC2F3AD-2ACD-45C7-B698-C6408C67C00F}
		{FBF0DDEF-235D-42B9-9C3F-E06D77DFEA4A} = {9A93EBD9-3B65-48B0-A456-8C178358E8BA}
		{EAC9875F-2E49-41D9-879D-F37B5B836F9C} = {9A93EBD9-3B65-48B0-A456-8C178358E8BA}
		{A48D1595-D259-430C-A6A6-FCA3D2B84A2C} = {9A93EBD9-3B65-48B0-A456-8C178358E8BA}
		{E42C4A2E-1826-4F67-A47B-1FA8EC12C751} = {9A93EBD9-3B65-48B0-A456-8C178358E8BA}
		{FA2CDBD8-CD76-4FDB-8E42-9DD5A8D79FFD} = {6BC2F3AD-2ACD-45C7-B698-C6408C67C00F}
		{85C9B70C-C421-40CF-A8E3-9360ECADA7A4} = {FA2CDBD8-CD76-4FDB-8E42-9DD5A8D79FFD}
		{56921F88-AED7-4657-9D4B-225F1C79D70A} = {FA2CDBD8-CD76-4FDB-8E42-9DD5A8D79FFD}
		{D87E3526-0141-4684-A77B-031737D06004} = {FA2CDBD8-CD76-4FDB-8E42-9DD5A8D79FFD}
		{F835E0BE-5EB3-4D5E-ADED-2C19E204D93E} = {FA2CDBD8-CD76-4FDB-8E42-9DD5A8D79FFD}
		{F61E6975-0F9D-4D37-91EF-63E63F738E42} = {CC3272BA-D30A-4CD2-B5F4-E4DF93C5BE85}
		{6811362E-4CA6-4472-89E1-3138DC5A4B81} = {9A93EBD9-3B65-48B0-A456-8C178358E8BA}
		{639C0A4F-64E5-4EAF-B705-8363B81C8A26} = {FA2CDBD8-CD76-4FDB-8E42-9DD5A8D79FFD}
		{D681C5A1-64BE-4D6E-9AD8-6F3E844B7B0B} = {6BC2F3AD-2ACD-45C7-B698-C6408C67C00F}
		{00E92B00-FB50-431A-B563-EDFA860A9A8B} = {6BC2F3AD-2ACD-45C7-B698-C6408C67C00F}
		{07A97A3C-8B6B-46E4-A37B-B311520C0E5C} = {6BC2F3AD-2ACD-45C7-B698-C6408C67C00F}
		{2BA81A8A-EAA4-412E-A8AF-D1529A242BB7} = {6BC2F3AD-2ACD-45C7-B698-C6408C67C00F}
		{5B9151C7-8867-49A8-B7A2-836FDA3E4DF5} = {6BC2F3AD-2ACD-45C7-B698-C6408C67C00F}
		{7EE221ED-C56E-4726-BBBA-9132410C4C78} = {D681C5A1-64BE-4D6E-9AD8-6F3E844B7B0B}
		{437AA0C2-416F-4F2D-935A-1D22C187D023} = {D681C5A1-64BE-4D6E-9AD8-6F3E844B7B0B}
		{8FEC4B4F-DD6B-4461-A6BE-A49AC1D2CA5E} = {D681C5A1-64BE-4D6E-9AD8-6F3E844B7B0B}
		{B4208022-7C64-4B28-A2E5-78E5B1B34EAB} = {D681C5A1-64BE-4D6E-9AD8-6F3E844B7B0B}
		{B9F22EE0-E0AD-4535-9AE0-AA39EF0CFCF6} = {D681C5A1-64BE-4D6E-9AD8-6F3E844B7B0B}
		{EB37CDFC-3733-4F60-9E3D-B65A9AD868D6} = {00E92B00-FB50-431A-B563-EDFA860A9A8B}
		{BCC26E4C-79FE-4BA2-9135-03C876CDD178} = {00E92B00-FB50-431A-B563-EDFA860A9A8B}
		{807AA323-E397-4F0F-AC9A-91A92BD456AB} = {00E92B00-FB50-431A-B563-EDFA860A9A8B}
		{AD1AB205-1F31-4127-8FE2-D635E258D500} = {00E92B00-FB50-431A-B563-EDFA860A9A8B}
		{0C7007BD-A716-4FAA-A1B7-ECB2F7DD336E} = {00E92B00-FB50-431A-B563-EDFA860A9A8B}
		{0CCF02C6-FE4D-48F3-87C3-1239163B2FDF} = {07A97A3C-8B6B-46E4-A37B-B311520C0E5C}
		{AE2B9039-C829-44AE-87EF-4286F3F1F274} = {07A97A3C-8B6B-46E4-A37B-B311520C0E5C}
		{D18462A3-8163-4392-8403-427E4892805C} = {07A97A3C-8B6B-46E4-A37B-B311520C0E5C}
		{71CD8952-6401-4277-A77B-82A3E6DC89FF} = {07A97A3C-8B6B-46E4-A37B-B311520C0E5C}
		{38B25AEA-46C6-40A6-ABF5-E7A8F8255FE9} = {07A97A3C-8B6B-46E4-A37B-B311520C0E5C}
		{F460D662-DCAA-4143-9E69-BF0AA44FA297} = {2BA81A8A-EAA4-412E-A8AF-D1529A242BB7}
		{3DDFC2FD-131E-4CDE-87BD-9879F26A577B} = {2BA81A8A-EAA4-412E-A8AF-D1529A242BB7}
		{108993AA-D03D-4D9B-BE00-6FA075378B15} = {2BA81A8A-EAA4-412E-A8AF-D1529A242BB7}
		{BD98D67E-3527-4549-ABD2-0307F9AE5CA9} = {2BA81A8A-EAA4-412E-A8AF-D1529A242BB7}
		{0D459BF1-773C-4DD8-90BD-ED5F701AD3FE} = {2BA81A8A-EAA4-412E-A8AF-D1529A242BB7}
		{CB8DA028-E9DD-4E89-AE4B-416F08ECA7D7} = {5B9151C7-8867-49A8-B7A2-836FDA3E4DF5}
		{9AB0DC72-7D9B-4B87-8BD3-6B3177D801EB} = {5B9151C7-8867-49A8-B7A2-836FDA3E4DF5}
		{29C8331F-797E-411B-9187-0831809EDFB9} = {5B9151C7-8867-49A8-B7A2-836FDA3E4DF5}
		{EB010870-5B75-4D92-ADA1-B9075251E693} = {5B9151C7-8867-49A8-B7A2-836FDA3E4DF5}
		{D497FF7A-6346-400B-A18F-A44C00ACDBC0} = {5B9151C7-8867-49A8-B7A2-836FDA3E4DF5}
		{7EDE7475-6500-451C-B3D7-BBA1659BDEAE} = {F0419368-CA18-4649-A26D-93558636A58C}
	EndGlobalSection
	GlobalSection(ExtensibilityGlobals) = postSolution
		SolutionGuid = {8519B281-509E-4900-9E4B-F07894B1724B}
	EndGlobalSection
EndGlobal
